
Microsoft Visual Studio Solution File, Format Version 12.00
# Visual Studio Version 16
VisualStudioVersion = 16.0.29519.181
MinimumVisualStudioVersion = 10.0.40219.1
Project("{9A19103F-16F7-4668-BE54-9A1E7A4F7556}") = "day-4", "day-4\day-4.csproj", "{10B966AA-F4A5-4045-9827-A2598D00D0E8}"
EndProject
Project("{9A19103F-16F7-4668-BE54-9A1E7A4F7556}") = "day-5", "day-5\day-5.csproj", "{F65E2182-DEAC-455D-AC31-F445D95E9F3E}"
EndProject
Project("{9A19103F-16F7-4668-BE54-9A1E7A4F7556}") = "day-1", "day-1\day-1.csproj", "{9C859879-9E6C-4F3A-A6A3-21E726663191}"
EndProject
Project("{9A19103F-16F7-4668-BE54-9A1E7A4F7556}") = "day-2", "day-2\day-2.csproj", "{3BC3F392-A88B-47E9-9E50-EE11FCA6F83F}"
EndProject
Project("{9A19103F-16F7-4668-BE54-9A1E7A4F7556}") = "day-3", "day-3\day-3.csproj", "{51801702-7C88-4A1B-9960-E307ABBFC820}"
EndProject
Project("{9A19103F-16F7-4668-BE54-9A1E7A4F7556}") = "aoc.utils", "aoc.utils\aoc.utils.csproj", "{C13E7E8D-4DD6-43C2-9398-1436D08BBC5B}"
EndProject
Project("{9A19103F-16F7-4668-BE54-9A1E7A4F7556}") = "aoc.utils.tests", "aoc.utils.tests\aoc.utils.tests.csproj", "{6C117A69-817A-4E96-BA86-F7C68CBCDEC3}"
EndProject
Project("{9A19103F-16F7-4668-BE54-9A1E7A4F7556}") = "day-6", "day-6\day-6.csproj", "{D5768E44-472B-433E-B7E6-70B56442D738}"
EndProject
Project("{9A19103F-16F7-4668-BE54-9A1E7A4F7556}") = "day-7", "day-7\day-7.csproj", "{F4EF5699-4D3A-48F7-BB9D-50E70189E1C2}"
EndProject
Project("{FAE04EC0-301F-11D3-BF4B-00C04F79EFBC}") = "day-8", "day-8\day-8.csproj", "{9B4645A1-CF84-4763-971E-8B947BA49133}"
EndProject
Global
	GlobalSection(SolutionConfigurationPlatforms) = preSolution
		Debug|Any CPU = Debug|Any CPU
		Release|Any CPU = Release|Any CPU
	EndGlobalSection
	GlobalSection(ProjectConfigurationPlatforms) = postSolution
		{10B966AA-F4A5-4045-9827-A2598D00D0E8}.Debug|Any CPU.ActiveCfg = Debug|Any CPU
		{10B966AA-F4A5-4045-9827-A2598D00D0E8}.Debug|Any CPU.Build.0 = Debug|Any CPU
		{10B966AA-F4A5-4045-9827-A2598D00D0E8}.Release|Any CPU.ActiveCfg = Release|Any CPU
		{10B966AA-F4A5-4045-9827-A2598D00D0E8}.Release|Any CPU.Build.0 = Release|Any CPU
		{F65E2182-DEAC-455D-AC31-F445D95E9F3E}.Debug|Any CPU.ActiveCfg = Debug|Any CPU
		{F65E2182-DEAC-455D-AC31-F445D95E9F3E}.Debug|Any CPU.Build.0 = Debug|Any CPU
		{F65E2182-DEAC-455D-AC31-F445D95E9F3E}.Release|Any CPU.ActiveCfg = Release|Any CPU
		{F65E2182-DEAC-455D-AC31-F445D95E9F3E}.Release|Any CPU.Build.0 = Release|Any CPU
		{9C859879-9E6C-4F3A-A6A3-21E726663191}.Debug|Any CPU.ActiveCfg = Debug|Any CPU
		{9C859879-9E6C-4F3A-A6A3-21E726663191}.Debug|Any CPU.Build.0 = Debug|Any CPU
		{9C859879-9E6C-4F3A-A6A3-21E726663191}.Release|Any CPU.ActiveCfg = Release|Any CPU
		{9C859879-9E6C-4F3A-A6A3-21E726663191}.Release|Any CPU.Build.0 = Release|Any CPU
		{3BC3F392-A88B-47E9-9E50-EE11FCA6F83F}.Debug|Any CPU.ActiveCfg = Debug|Any CPU
		{3BC3F392-A88B-47E9-9E50-EE11FCA6F83F}.Debug|Any CPU.Build.0 = Debug|Any CPU
		{3BC3F392-A88B-47E9-9E50-EE11FCA6F83F}.Release|Any CPU.ActiveCfg = Release|Any CPU
		{3BC3F392-A88B-47E9-9E50-EE11FCA6F83F}.Release|Any CPU.Build.0 = Release|Any CPU
		{51801702-7C88-4A1B-9960-E307ABBFC820}.Debug|Any CPU.ActiveCfg = Debug|Any CPU
		{51801702-7C88-4A1B-9960-E307ABBFC820}.Debug|Any CPU.Build.0 = Debug|Any CPU
		{51801702-7C88-4A1B-9960-E307ABBFC820}.Release|Any CPU.ActiveCfg = Release|Any CPU
		{51801702-7C88-4A1B-9960-E307ABBFC820}.Release|Any CPU.Build.0 = Release|Any CPU
		{C13E7E8D-4DD6-43C2-9398-1436D08BBC5B}.Debug|Any CPU.ActiveCfg = Debug|Any CPU
		{C13E7E8D-4DD6-43C2-9398-1436D08BBC5B}.Debug|Any CPU.Build.0 = Debug|Any CPU
		{C13E7E8D-4DD6-43C2-9398-1436D08BBC5B}.Release|Any CPU.ActiveCfg = Release|Any CPU
		{C13E7E8D-4DD6-43C2-9398-1436D08BBC5B}.Release|Any CPU.Build.0 = Release|Any CPU
		{6C117A69-817A-4E96-BA86-F7C68CBCDEC3}.Debug|Any CPU.ActiveCfg = Debug|Any CPU
		{6C117A69-817A-4E96-BA86-F7C68CBCDEC3}.Debug|Any CPU.Build.0 = Debug|Any CPU
		{6C117A69-817A-4E96-BA86-F7C68CBCDEC3}.Release|Any CPU.ActiveCfg = Release|Any CPU
		{6C117A69-817A-4E96-BA86-F7C68CBCDEC3}.Release|Any CPU.Build.0 = Release|Any CPU
		{D5768E44-472B-433E-B7E6-70B56442D738}.Debug|Any CPU.ActiveCfg = Debug|Any CPU
		{D5768E44-472B-433E-B7E6-70B56442D738}.Debug|Any CPU.Build.0 = Debug|Any CPU
		{D5768E44-472B-433E-B7E6-70B56442D738}.Release|Any CPU.ActiveCfg = Release|Any CPU
		{D5768E44-472B-433E-B7E6-70B56442D738}.Release|Any CPU.Build.0 = Release|Any CPU
		{F4EF5699-4D3A-48F7-BB9D-50E70189E1C2}.Debug|Any CPU.ActiveCfg = Debug|Any CPU
		{F4EF5699-4D3A-48F7-BB9D-50E70189E1C2}.Debug|Any CPU.Build.0 = Debug|Any CPU
		{F4EF5699-4D3A-48F7-BB9D-50E70189E1C2}.Release|Any CPU.ActiveCfg = Release|Any CPU
		{F4EF5699-4D3A-48F7-BB9D-50E70189E1C2}.Release|Any CPU.Build.0 = Release|Any CPU
		{9B4645A1-CF84-4763-971E-8B947BA49133}.Debug|Any CPU.ActiveCfg = Debug|Any CPU
		{9B4645A1-CF84-4763-971E-8B947BA49133}.Debug|Any CPU.Build.0 = Debug|Any CPU
		{9B4645A1-CF84-4763-971E-8B947BA49133}.Release|Any CPU.ActiveCfg = Release|Any CPU
		{9B4645A1-CF84-4763-971E-8B947BA49133}.Release|Any CPU.Build.0 = Release|Any CPU
	EndGlobalSection
	GlobalSection(SolutionProperties) = preSolution
		HideSolutionNode = FALSE
	EndGlobalSection
	GlobalSection(ExtensibilityGlobals) = postSolution
		SolutionGuid = {18EF9F33-E9A7-46E0-B942-73E7EEDC643D}
	EndGlobalSection
EndGlobal
