
Microsoft Visual Studio Solution File, Format Version 12.00
# Visual Studio Version 16
VisualStudioVersion = 16.0.29519.181
MinimumVisualStudioVersion = 10.0.40219.1
Project("{9A19103F-16F7-4668-BE54-9A1E7A4F7556}") = "day-6", "day-6\day-6.csproj", "{03795494-8877-46AA-A808-00D634107172}"
EndProject
Project("{9A19103F-16F7-4668-BE54-9A1E7A4F7556}") = "day-4", "day-4\day-4.csproj", "{10B966AA-F4A5-4045-9827-A2598D00D0E8}"
EndProject
Project("{9A19103F-16F7-4668-BE54-9A1E7A4F7556}") = "day-7", "day-7\day-7.csproj", "{B11699CB-4090-4E2B-8816-888A727FF9D9}"
EndProject
Project("{9A19103F-16F7-4668-BE54-9A1E7A4F7556}") = "day-8", "day-8\day-8.csproj", "{16BB4736-6450-4378-8A2E-6264CC11F5F9}"
EndProject
Project("{9A19103F-16F7-4668-BE54-9A1E7A4F7556}") = "day-9", "day-9\day-9.csproj", "{90A6B546-6827-47B9-8E93-AE839658B60F}"
EndProject
Project("{9A19103F-16F7-4668-BE54-9A1E7A4F7556}") = "day-5", "day-5\day-5.csproj", "{F65E2182-DEAC-455D-AC31-F445D95E9F3E}"
EndProject
Project("{9A19103F-16F7-4668-BE54-9A1E7A4F7556}") = "day-14", "day-14\day-14.csproj", "{6AB38EDF-B62A-4AAA-B27F-B2E693089AAA}"
EndProject
Project("{9A19103F-16F7-4668-BE54-9A1E7A4F7556}") = "day-16", "day-16\day-16.csproj", "{A02F341B-E0DA-45C9-A3F0-C005A5BFB795}"
EndProject
Project("{FAE04EC0-301F-11D3-BF4B-00C04F79EFBC}") = "day-19", "day-19\day-19.csproj", "{AC593AB4-8E80-4532-9D21-0FBBF3725C26}"
EndProject
Project("{FAE04EC0-301F-11D3-BF4B-00C04F79EFBC}") = "day-1", "day-1\day-1.csproj", "{9C859879-9E6C-4F3A-A6A3-21E726663191}"
EndProject
Global
	GlobalSection(SolutionConfigurationPlatforms) = preSolution
		Debug|Any CPU = Debug|Any CPU
		Release|Any CPU = Release|Any CPU
	EndGlobalSection
	GlobalSection(ProjectConfigurationPlatforms) = postSolution
		{03795494-8877-46AA-A808-00D634107172}.Debug|Any CPU.ActiveCfg = Debug|Any CPU
		{03795494-8877-46AA-A808-00D634107172}.Debug|Any CPU.Build.0 = Debug|Any CPU
		{03795494-8877-46AA-A808-00D634107172}.Release|Any CPU.ActiveCfg = Release|Any CPU
		{03795494-8877-46AA-A808-00D634107172}.Release|Any CPU.Build.0 = Release|Any CPU
		{10B966AA-F4A5-4045-9827-A2598D00D0E8}.Debug|Any CPU.ActiveCfg = Debug|Any CPU
		{10B966AA-F4A5-4045-9827-A2598D00D0E8}.Debug|Any CPU.Build.0 = Debug|Any CPU
		{10B966AA-F4A5-4045-9827-A2598D00D0E8}.Release|Any CPU.ActiveCfg = Release|Any CPU
		{10B966AA-F4A5-4045-9827-A2598D00D0E8}.Release|Any CPU.Build.0 = Release|Any CPU
		{B11699CB-4090-4E2B-8816-888A727FF9D9}.Debug|Any CPU.ActiveCfg = Debug|Any CPU
		{B11699CB-4090-4E2B-8816-888A727FF9D9}.Debug|Any CPU.Build.0 = Debug|Any CPU
		{B11699CB-4090-4E2B-8816-888A727FF9D9}.Release|Any CPU.ActiveCfg = Release|Any CPU
		{B11699CB-4090-4E2B-8816-888A727FF9D9}.Release|Any CPU.Build.0 = Release|Any CPU
		{16BB4736-6450-4378-8A2E-6264CC11F5F9}.Debug|Any CPU.ActiveCfg = Debug|Any CPU
		{16BB4736-6450-4378-8A2E-6264CC11F5F9}.Debug|Any CPU.Build.0 = Debug|Any CPU
		{16BB4736-6450-4378-8A2E-6264CC11F5F9}.Release|Any CPU.ActiveCfg = Release|Any CPU
		{16BB4736-6450-4378-8A2E-6264CC11F5F9}.Release|Any CPU.Build.0 = Release|Any CPU
		{90A6B546-6827-47B9-8E93-AE839658B60F}.Debug|Any CPU.ActiveCfg = Debug|Any CPU
		{90A6B546-6827-47B9-8E93-AE839658B60F}.Debug|Any CPU.Build.0 = Debug|Any CPU
		{90A6B546-6827-47B9-8E93-AE839658B60F}.Release|Any CPU.ActiveCfg = Release|Any CPU
		{90A6B546-6827-47B9-8E93-AE839658B60F}.Release|Any CPU.Build.0 = Release|Any CPU
		{F65E2182-DEAC-455D-AC31-F445D95E9F3E}.Debug|Any CPU.ActiveCfg = Debug|Any CPU
		{F65E2182-DEAC-455D-AC31-F445D95E9F3E}.Debug|Any CPU.Build.0 = Debug|Any CPU
		{F65E2182-DEAC-455D-AC31-F445D95E9F3E}.Release|Any CPU.ActiveCfg = Release|Any CPU
		{F65E2182-DEAC-455D-AC31-F445D95E9F3E}.Release|Any CPU.Build.0 = Release|Any CPU
		{6AB38EDF-B62A-4AAA-B27F-B2E693089AAA}.Debug|Any CPU.ActiveCfg = Debug|Any CPU
		{6AB38EDF-B62A-4AAA-B27F-B2E693089AAA}.Debug|Any CPU.Build.0 = Debug|Any CPU
		{6AB38EDF-B62A-4AAA-B27F-B2E693089AAA}.Release|Any CPU.ActiveCfg = Release|Any CPU
		{6AB38EDF-B62A-4AAA-B27F-B2E693089AAA}.Release|Any CPU.Build.0 = Release|Any CPU
		{A02F341B-E0DA-45C9-A3F0-C005A5BFB795}.Debug|Any CPU.ActiveCfg = Debug|Any CPU
		{A02F341B-E0DA-45C9-A3F0-C005A5BFB795}.Debug|Any CPU.Build.0 = Debug|Any CPU
		{A02F341B-E0DA-45C9-A3F0-C005A5BFB795}.Release|Any CPU.ActiveCfg = Release|Any CPU
		{A02F341B-E0DA-45C9-A3F0-C005A5BFB795}.Release|Any CPU.Build.0 = Release|Any CPU
		{AC593AB4-8E80-4532-9D21-0FBBF3725C26}.Debug|Any CPU.ActiveCfg = Debug|Any CPU
		{AC593AB4-8E80-4532-9D21-0FBBF3725C26}.Debug|Any CPU.Build.0 = Debug|Any CPU
		{AC593AB4-8E80-4532-9D21-0FBBF3725C26}.Release|Any CPU.ActiveCfg = Release|Any CPU
		{AC593AB4-8E80-4532-9D21-0FBBF3725C26}.Release|Any CPU.Build.0 = Release|Any CPU
		{9C859879-9E6C-4F3A-A6A3-21E726663191}.Debug|Any CPU.ActiveCfg = Debug|Any CPU
		{9C859879-9E6C-4F3A-A6A3-21E726663191}.Debug|Any CPU.Build.0 = Debug|Any CPU
		{9C859879-9E6C-4F3A-A6A3-21E726663191}.Release|Any CPU.ActiveCfg = Release|Any CPU
		{9C859879-9E6C-4F3A-A6A3-21E726663191}.Release|Any CPU.Build.0 = Release|Any CPU
	EndGlobalSection
	GlobalSection(SolutionProperties) = preSolution
		HideSolutionNode = FALSE
	EndGlobalSection
	GlobalSection(ExtensibilityGlobals) = postSolution
		SolutionGuid = {18EF9F33-E9A7-46E0-B942-73E7EEDC643D}
	EndGlobalSection
EndGlobal
