
Microsoft Visual Studio Solution File, Format Version 12.00
# Visual Studio Version 16
VisualStudioVersion = 16.0.29519.181
MinimumVisualStudioVersion = 10.0.40219.1
Project("{9A19103F-16F7-4668-BE54-9A1E7A4F7556}") = "day-4", "day-4\day-4.csproj", "{10B966AA-F4A5-4045-9827-A2598D00D0E8}"
EndProject
Project("{9A19103F-16F7-4668-BE54-9A1E7A4F7556}") = "day-5", "day-5\day-5.csproj", "{F65E2182-DEAC-455D-AC31-F445D95E9F3E}"
EndProject
Project("{9A19103F-16F7-4668-BE54-9A1E7A4F7556}") = "day-1", "day-1\day-1.csproj", "{9C859879-9E6C-4F3A-A6A3-21E726663191}"
EndProject
Project("{9A19103F-16F7-4668-BE54-9A1E7A4F7556}") = "day-2", "day-2\day-2.csproj", "{3BC3F392-A88B-47E9-9E50-EE11FCA6F83F}"
EndProject
Project("{9A19103F-16F7-4668-BE54-9A1E7A4F7556}") = "day-3", "day-3\day-3.csproj", "{51801702-7C88-4A1B-9960-E307ABBFC820}"
EndProject
Project("{9A19103F-16F7-4668-BE54-9A1E7A4F7556}") = "aoc.utils", "aoc.utils\aoc.utils.csproj", "{C13E7E8D-4DD6-43C2-9398-1436D08BBC5B}"
EndProject
Project("{9A19103F-16F7-4668-BE54-9A1E7A4F7556}") = "aoc.utils.tests", "aoc.utils.tests\aoc.utils.tests.csproj", "{6C117A69-817A-4E96-BA86-F7C68CBCDEC3}"
EndProject
Project("{9A19103F-16F7-4668-BE54-9A1E7A4F7556}") = "day-6", "day-6\day-6.csproj", "{D5768E44-472B-433E-B7E6-70B56442D738}"
EndProject
Project("{9A19103F-16F7-4668-BE54-9A1E7A4F7556}") = "day-7", "day-7\day-7.csproj", "{F4EF5699-4D3A-48F7-BB9D-50E70189E1C2}"
EndProject
Project("{9A19103F-16F7-4668-BE54-9A1E7A4F7556}") = "day-8", "day-8\day-8.csproj", "{9B4645A1-CF84-4763-971E-8B947BA49133}"
EndProject
Project("{9A19103F-16F7-4668-BE54-9A1E7A4F7556}") = "aoc.runner", "aoc.runner\aoc.runner.csproj", "{39466704-DD06-4AF1-9E5C-674986FC1662}"
EndProject
Project("{9A19103F-16F7-4668-BE54-9A1E7A4F7556}") = "day-9", "day-9\day-9.csproj", "{C3B08865-6EDD-439B-A2F5-AEA9C0EE434A}"
EndProject
Project("{9A19103F-16F7-4668-BE54-9A1E7A4F7556}") = "day-10", "day-10\day-10.csproj", "{F50E8889-3D84-4663-B746-8C74289D2780}"
EndProject
Project("{9A19103F-16F7-4668-BE54-9A1E7A4F7556}") = "day-11", "day-11\day-11.csproj", "{AE761689-E614-49D1-ADF1-48601E697EB4}"
EndProject
Project("{9A19103F-16F7-4668-BE54-9A1E7A4F7556}") = "day-14", "day-14\day-14.csproj", "{6C436196-4AED-4F3F-9D5B-D7BA6142C82C}"
EndProject
Project("{9A19103F-16F7-4668-BE54-9A1E7A4F7556}") = "day-16", "day-16\day-16.csproj", "{5635A0A3-8D48-438F-B2E5-3AB371037A56}"
EndProject
Project("{9A19103F-16F7-4668-BE54-9A1E7A4F7556}") = "day-17", "day-17\day-17.csproj", "{5030B28D-BC2B-4295-81A8-582F832B441C}"
EndProject
Project("{9A19103F-16F7-4668-BE54-9A1E7A4F7556}") = "day-18", "day-18\day-18.csproj", "{365D3662-FB46-4A63-8C55-988DC4EC9073}"
EndProject
Project("{2150E333-8FDC-42A3-9474-1A3956D46DE8}") = "Solution Items", "Solution Items", "{2C138064-691D-4D9B-86CF-3D62D7AD3BC4}"
EndProject
Project("{9A19103F-16F7-4668-BE54-9A1E7A4F7556}") = "day-19", "day-19\day-19.csproj", "{77CEDA92-169E-4AD4-AA14-B9EFC4C13C1B}"
EndProject
Global
	GlobalSection(SolutionConfigurationPlatforms) = preSolution
		Debug|Any CPU = Debug|Any CPU
		Release|Any CPU = Release|Any CPU
	EndGlobalSection
	GlobalSection(ProjectConfigurationPlatforms) = postSolution
		{10B966AA-F4A5-4045-9827-A2598D00D0E8}.Debug|Any CPU.ActiveCfg = Debug|Any CPU
		{10B966AA-F4A5-4045-9827-A2598D00D0E8}.Debug|Any CPU.Build.0 = Debug|Any CPU
		{10B966AA-F4A5-4045-9827-A2598D00D0E8}.Release|Any CPU.ActiveCfg = Release|Any CPU
		{10B966AA-F4A5-4045-9827-A2598D00D0E8}.Release|Any CPU.Build.0 = Release|Any CPU
		{F65E2182-DEAC-455D-AC31-F445D95E9F3E}.Debug|Any CPU.ActiveCfg = Debug|Any CPU
		{F65E2182-DEAC-455D-AC31-F445D95E9F3E}.Debug|Any CPU.Build.0 = Debug|Any CPU
		{F65E2182-DEAC-455D-AC31-F445D95E9F3E}.Release|Any CPU.ActiveCfg = Release|Any CPU
		{F65E2182-DEAC-455D-AC31-F445D95E9F3E}.Release|Any CPU.Build.0 = Release|Any CPU
		{9C859879-9E6C-4F3A-A6A3-21E726663191}.Debug|Any CPU.ActiveCfg = Debug|Any CPU
		{9C859879-9E6C-4F3A-A6A3-21E726663191}.Debug|Any CPU.Build.0 = Debug|Any CPU
		{9C859879-9E6C-4F3A-A6A3-21E726663191}.Release|Any CPU.ActiveCfg = Release|Any CPU
		{9C859879-9E6C-4F3A-A6A3-21E726663191}.Release|Any CPU.Build.0 = Release|Any CPU
		{3BC3F392-A88B-47E9-9E50-EE11FCA6F83F}.Debug|Any CPU.ActiveCfg = Debug|Any CPU
		{3BC3F392-A88B-47E9-9E50-EE11FCA6F83F}.Debug|Any CPU.Build.0 = Debug|Any CPU
		{3BC3F392-A88B-47E9-9E50-EE11FCA6F83F}.Release|Any CPU.ActiveCfg = Release|Any CPU
		{3BC3F392-A88B-47E9-9E50-EE11FCA6F83F}.Release|Any CPU.Build.0 = Release|Any CPU
		{51801702-7C88-4A1B-9960-E307ABBFC820}.Debug|Any CPU.ActiveCfg = Debug|Any CPU
		{51801702-7C88-4A1B-9960-E307ABBFC820}.Debug|Any CPU.Build.0 = Debug|Any CPU
		{51801702-7C88-4A1B-9960-E307ABBFC820}.Release|Any CPU.ActiveCfg = Release|Any CPU
		{51801702-7C88-4A1B-9960-E307ABBFC820}.Release|Any CPU.Build.0 = Release|Any CPU
		{C13E7E8D-4DD6-43C2-9398-1436D08BBC5B}.Debug|Any CPU.ActiveCfg = Debug|Any CPU
		{C13E7E8D-4DD6-43C2-9398-1436D08BBC5B}.Debug|Any CPU.Build.0 = Debug|Any CPU
		{C13E7E8D-4DD6-43C2-9398-1436D08BBC5B}.Release|Any CPU.ActiveCfg = Release|Any CPU
		{C13E7E8D-4DD6-43C2-9398-1436D08BBC5B}.Release|Any CPU.Build.0 = Release|Any CPU
		{6C117A69-817A-4E96-BA86-F7C68CBCDEC3}.Debug|Any CPU.ActiveCfg = Debug|Any CPU
		{6C117A69-817A-4E96-BA86-F7C68CBCDEC3}.Debug|Any CPU.Build.0 = Debug|Any CPU
		{6C117A69-817A-4E96-BA86-F7C68CBCDEC3}.Release|Any CPU.ActiveCfg = Release|Any CPU
		{6C117A69-817A-4E96-BA86-F7C68CBCDEC3}.Release|Any CPU.Build.0 = Release|Any CPU
		{D5768E44-472B-433E-B7E6-70B56442D738}.Debug|Any CPU.ActiveCfg = Debug|Any CPU
		{D5768E44-472B-433E-B7E6-70B56442D738}.Debug|Any CPU.Build.0 = Debug|Any CPU
		{D5768E44-472B-433E-B7E6-70B56442D738}.Release|Any CPU.ActiveCfg = Release|Any CPU
		{D5768E44-472B-433E-B7E6-70B56442D738}.Release|Any CPU.Build.0 = Release|Any CPU
		{F4EF5699-4D3A-48F7-BB9D-50E70189E1C2}.Debug|Any CPU.ActiveCfg = Debug|Any CPU
		{F4EF5699-4D3A-48F7-BB9D-50E70189E1C2}.Debug|Any CPU.Build.0 = Debug|Any CPU
		{F4EF5699-4D3A-48F7-BB9D-50E70189E1C2}.Release|Any CPU.ActiveCfg = Release|Any CPU
		{F4EF5699-4D3A-48F7-BB9D-50E70189E1C2}.Release|Any CPU.Build.0 = Release|Any CPU
		{9B4645A1-CF84-4763-971E-8B947BA49133}.Debug|Any CPU.ActiveCfg = Debug|Any CPU
		{9B4645A1-CF84-4763-971E-8B947BA49133}.Debug|Any CPU.Build.0 = Debug|Any CPU
		{9B4645A1-CF84-4763-971E-8B947BA49133}.Release|Any CPU.ActiveCfg = Release|Any CPU
		{9B4645A1-CF84-4763-971E-8B947BA49133}.Release|Any CPU.Build.0 = Release|Any CPU
		{39466704-DD06-4AF1-9E5C-674986FC1662}.Debug|Any CPU.ActiveCfg = Debug|Any CPU
		{39466704-DD06-4AF1-9E5C-674986FC1662}.Debug|Any CPU.Build.0 = Debug|Any CPU
		{39466704-DD06-4AF1-9E5C-674986FC1662}.Release|Any CPU.ActiveCfg = Release|Any CPU
		{39466704-DD06-4AF1-9E5C-674986FC1662}.Release|Any CPU.Build.0 = Release|Any CPU
		{C3B08865-6EDD-439B-A2F5-AEA9C0EE434A}.Debug|Any CPU.ActiveCfg = Debug|Any CPU
		{C3B08865-6EDD-439B-A2F5-AEA9C0EE434A}.Debug|Any CPU.Build.0 = Debug|Any CPU
		{C3B08865-6EDD-439B-A2F5-AEA9C0EE434A}.Release|Any CPU.ActiveCfg = Release|Any CPU
		{C3B08865-6EDD-439B-A2F5-AEA9C0EE434A}.Release|Any CPU.Build.0 = Release|Any CPU
		{F50E8889-3D84-4663-B746-8C74289D2780}.Debug|Any CPU.ActiveCfg = Debug|Any CPU
		{F50E8889-3D84-4663-B746-8C74289D2780}.Debug|Any CPU.Build.0 = Debug|Any CPU
		{F50E8889-3D84-4663-B746-8C74289D2780}.Release|Any CPU.ActiveCfg = Release|Any CPU
		{F50E8889-3D84-4663-B746-8C74289D2780}.Release|Any CPU.Build.0 = Release|Any CPU
		{AE761689-E614-49D1-ADF1-48601E697EB4}.Debug|Any CPU.ActiveCfg = Debug|Any CPU
		{AE761689-E614-49D1-ADF1-48601E697EB4}.Debug|Any CPU.Build.0 = Debug|Any CPU
		{AE761689-E614-49D1-ADF1-48601E697EB4}.Release|Any CPU.ActiveCfg = Release|Any CPU
		{AE761689-E614-49D1-ADF1-48601E697EB4}.Release|Any CPU.Build.0 = Release|Any CPU
		{6C436196-4AED-4F3F-9D5B-D7BA6142C82C}.Debug|Any CPU.ActiveCfg = Debug|Any CPU
		{6C436196-4AED-4F3F-9D5B-D7BA6142C82C}.Debug|Any CPU.Build.0 = Debug|Any CPU
		{6C436196-4AED-4F3F-9D5B-D7BA6142C82C}.Release|Any CPU.ActiveCfg = Release|Any CPU
		{6C436196-4AED-4F3F-9D5B-D7BA6142C82C}.Release|Any CPU.Build.0 = Release|Any CPU
		{5635A0A3-8D48-438F-B2E5-3AB371037A56}.Debug|Any CPU.ActiveCfg = Debug|Any CPU
		{5635A0A3-8D48-438F-B2E5-3AB371037A56}.Debug|Any CPU.Build.0 = Debug|Any CPU
		{5635A0A3-8D48-438F-B2E5-3AB371037A56}.Release|Any CPU.ActiveCfg = Release|Any CPU
		{5635A0A3-8D48-438F-B2E5-3AB371037A56}.Release|Any CPU.Build.0 = Release|Any CPU
		{5030B28D-BC2B-4295-81A8-582F832B441C}.Debug|Any CPU.ActiveCfg = Debug|Any CPU
		{5030B28D-BC2B-4295-81A8-582F832B441C}.Debug|Any CPU.Build.0 = Debug|Any CPU
		{5030B28D-BC2B-4295-81A8-582F832B441C}.Release|Any CPU.ActiveCfg = Release|Any CPU
		{5030B28D-BC2B-4295-81A8-582F832B441C}.Release|Any CPU.Build.0 = Release|Any CPU
		{365D3662-FB46-4A63-8C55-988DC4EC9073}.Debug|Any CPU.ActiveCfg = Debug|Any CPU
		{365D3662-FB46-4A63-8C55-988DC4EC9073}.Debug|Any CPU.Build.0 = Debug|Any CPU
		{365D3662-FB46-4A63-8C55-988DC4EC9073}.Release|Any CPU.ActiveCfg = Release|Any CPU
		{365D3662-FB46-4A63-8C55-988DC4EC9073}.Release|Any CPU.Build.0 = Release|Any CPU
		{77CEDA92-169E-4AD4-AA14-B9EFC4C13C1B}.Debug|Any CPU.ActiveCfg = Debug|Any CPU
		{77CEDA92-169E-4AD4-AA14-B9EFC4C13C1B}.Debug|Any CPU.Build.0 = Debug|Any CPU
		{77CEDA92-169E-4AD4-AA14-B9EFC4C13C1B}.Release|Any CPU.ActiveCfg = Release|Any CPU
		{77CEDA92-169E-4AD4-AA14-B9EFC4C13C1B}.Release|Any CPU.Build.0 = Release|Any CPU
	EndGlobalSection
	GlobalSection(SolutionProperties) = preSolution
		HideSolutionNode = FALSE
	EndGlobalSection
	GlobalSection(ExtensibilityGlobals) = postSolution
		SolutionGuid = {18EF9F33-E9A7-46E0-B942-73E7EEDC643D}
	EndGlobalSection
EndGlobal
